
Microsoft Visual Studio Solution File, Format Version 12.00
# Visual Studio 15
Project("{FAE04EC0-301F-11D3-BF4B-00C04F79EFBC}") = "MyLuckyNumber", "MyLuckyNumber\MyLuckyNumber.csproj", "{E44F7043-5439-4469-9CED-527A5F1078EC}"
EndProject
Global
	GlobalSection(SolutionConfigurationPlatforms) = preSolution
		Debug|Any CPU = Debug|Any CPU
		Release|Any CPU = Release|Any CPU
	EndGlobalSection
	GlobalSection(ProjectConfigurationPlatforms) = postSolution
		{E44F7043-5439-4469-9CED-527A5F1078EC}.Debug|Any CPU.ActiveCfg = Debug|Any CPU
		{E44F7043-5439-4469-9CED-527A5F1078EC}.Debug|Any CPU.Build.0 = Debug|Any CPU
		{E44F7043-5439-4469-9CED-527A5F1078EC}.Release|Any CPU.ActiveCfg = Release|Any CPU
		{E44F7043-5439-4469-9CED-527A5F1078EC}.Release|Any CPU.Build.0 = Release|Any CPU
	EndGlobalSection
EndGlobal
